// !$*UTF8*$!
{
	archiveVersion = 1;
	classes = {
	};
	objectVersion = 45;
	objects = {

/* Begin PBXBuildFile section */
		1D3623260D0F684500981E51 /* SameAppDelegate.m in Sources */ = {isa = PBXBuildFile; fileRef = 1D3623250D0F684500981E51 /* SameAppDelegate.m */; };
		1D60589B0D05DD56006BFB54 /* main.m in Sources */ = {isa = PBXBuildFile; fileRef = 29B97316FDCFA39411CA2CEA /* main.m */; };
		1D60589F0D05DD5A006BFB54 /* Foundation.framework in Frameworks */ = {isa = PBXBuildFile; fileRef = 1D30AB110D05D00D00671497 /* Foundation.framework */; };
		1DF5F4E00D08C38300B7A737 /* UIKit.framework in Frameworks */ = {isa = PBXBuildFile; fileRef = 1DF5F4DF0D08C38300B7A737 /* UIKit.framework */; };
		288765A50DF7441C002DB57D /* CoreGraphics.framework in Frameworks */ = {isa = PBXBuildFile; fileRef = 288765A40DF7441C002DB57D /* CoreGraphics.framework */; };
		357A91DE0FF9DFD800DDA0A0 /* SameMenuButton.m in Sources */ = {isa = PBXBuildFile; fileRef = 357A91DD0FF9DFD800DDA0A0 /* SameMenuButton.m */; };
		357A92330FF9E56900DDA0A0 /* custombuttonnormal.png in Resources */ = {isa = PBXBuildFile; fileRef = 357A92310FF9E56900DDA0A0 /* custombuttonnormal.png */; };
		357A92340FF9E56900DDA0A0 /* custombuttonpressed.png in Resources */ = {isa = PBXBuildFile; fileRef = 357A92320FF9E56900DDA0A0 /* custombuttonpressed.png */; };
		357FF4990FF9D8B6005F2F0F /* SameMenu.m in Sources */ = {isa = PBXBuildFile; fileRef = 357FF4980FF9D8B6005F2F0F /* SameMenu.m */; };
		357FF4DD0FF9DB39005F2F0F /* RoundedRect.m in Sources */ = {isa = PBXBuildFile; fileRef = 357FF4DC0FF9DB39005F2F0F /* RoundedRect.m */; };
		35E5968E0FE8359B00B0BC56 /* SameHUD.m in Sources */ = {isa = PBXBuildFile; fileRef = 35E5968C0FE8359B00B0BC56 /* SameHUD.m */; };
		35F036400FB3E7DB005DF6FB /* SameTile.m in Sources */ = {isa = PBXBuildFile; fileRef = 35F0363B0FB3E7DB005DF6FB /* SameTile.m */; };
		35F036410FB3E7DB005DF6FB /* SameTileImages.m in Sources */ = {isa = PBXBuildFile; fileRef = 35F0363D0FB3E7DB005DF6FB /* SameTileImages.m */; };
		35F036420FB3E7DB005DF6FB /* SameView.m in Sources */ = {isa = PBXBuildFile; fileRef = 35F0363F0FB3E7DB005DF6FB /* SameView.m */; };
		35F036460FB3E839005DF6FB /* QuartzCore.framework in Frameworks */ = {isa = PBXBuildFile; fileRef = 35F036450FB3E839005DF6FB /* QuartzCore.framework */; };
		35F0364F0FB3E852005DF6FB /* yellow.png in Resources */ = {isa = PBXBuildFile; fileRef = 35F0364B0FB3E852005DF6FB /* yellow.png */; };
		35F036500FB3E852005DF6FB /* green.png in Resources */ = {isa = PBXBuildFile; fileRef = 35F0364C0FB3E852005DF6FB /* green.png */; };
		35F036510FB3E852005DF6FB /* red.png in Resources */ = {isa = PBXBuildFile; fileRef = 35F0364D0FB3E852005DF6FB /* red.png */; };
		35F036520FB3E852005DF6FB /* blue.png in Resources */ = {isa = PBXBuildFile; fileRef = 35F0364E0FB3E852005DF6FB /* blue.png */; };
		35F036570FB3EBDB005DF6FB /* same.png in Resources */ = {isa = PBXBuildFile; fileRef = 35F036560FB3EBDB005DF6FB /* same.png */; };
/* End PBXBuildFile section */

/* Begin PBXFileReference section */
		1D30AB110D05D00D00671497 /* Foundation.framework */ = {isa = PBXFileReference; lastKnownFileType = wrapper.framework; name = Foundation.framework; path = System/Library/Frameworks/Foundation.framework; sourceTree = SDKROOT; };
		1D3623240D0F684500981E51 /* SameAppDelegate.h */ = {isa = PBXFileReference; fileEncoding = 4; lastKnownFileType = sourcecode.c.h; path = SameAppDelegate.h; sourceTree = "<group>"; };
		1D3623250D0F684500981E51 /* SameAppDelegate.m */ = {isa = PBXFileReference; fileEncoding = 4; lastKnownFileType = sourcecode.c.objc; path = SameAppDelegate.m; sourceTree = "<group>"; };
		1D6058910D05DD3D006BFB54 /* Same.app */ = {isa = PBXFileReference; explicitFileType = wrapper.application; includeInIndex = 0; path = Same.app; sourceTree = BUILT_PRODUCTS_DIR; };
		1DF5F4DF0D08C38300B7A737 /* UIKit.framework */ = {isa = PBXFileReference; lastKnownFileType = wrapper.framework; name = UIKit.framework; path = System/Library/Frameworks/UIKit.framework; sourceTree = SDKROOT; };
		288765A40DF7441C002DB57D /* CoreGraphics.framework */ = {isa = PBXFileReference; lastKnownFileType = wrapper.framework; name = CoreGraphics.framework; path = System/Library/Frameworks/CoreGraphics.framework; sourceTree = SDKROOT; };
		29B97316FDCFA39411CA2CEA /* main.m */ = {isa = PBXFileReference; fileEncoding = 4; lastKnownFileType = sourcecode.c.objc; path = main.m; sourceTree = "<group>"; };
		32CA4F630368D1EE00C91783 /* Same_Prefix.pch */ = {isa = PBXFileReference; fileEncoding = 4; lastKnownFileType = sourcecode.c.h; path = Same_Prefix.pch; sourceTree = "<group>"; };
		357A91DC0FF9DFD800DDA0A0 /* SameMenuButton.h */ = {isa = PBXFileReference; fileEncoding = 4; lastKnownFileType = sourcecode.c.h; path = SameMenuButton.h; sourceTree = "<group>"; };
		357A91DD0FF9DFD800DDA0A0 /* SameMenuButton.m */ = {isa = PBXFileReference; fileEncoding = 4; lastKnownFileType = sourcecode.c.objc; path = SameMenuButton.m; sourceTree = "<group>"; };
		357A92310FF9E56900DDA0A0 /* custombuttonnormal.png */ = {isa = PBXFileReference; lastKnownFileType = image.png; path = custombuttonnormal.png; sourceTree = "<group>"; };
		357A92320FF9E56900DDA0A0 /* custombuttonpressed.png */ = {isa = PBXFileReference; lastKnownFileType = image.png; path = custombuttonpressed.png; sourceTree = "<group>"; };
		357FF4970FF9D8B6005F2F0F /* SameMenu.h */ = {isa = PBXFileReference; fileEncoding = 4; lastKnownFileType = sourcecode.c.h; path = SameMenu.h; sourceTree = "<group>"; };
		357FF4980FF9D8B6005F2F0F /* SameMenu.m */ = {isa = PBXFileReference; fileEncoding = 4; lastKnownFileType = sourcecode.c.objc; path = SameMenu.m; sourceTree = "<group>"; };
		357FF4DB0FF9DB24005F2F0F /* RoundedRect.h */ = {isa = PBXFileReference; fileEncoding = 4; lastKnownFileType = sourcecode.c.h; path = RoundedRect.h; sourceTree = "<group>"; };
		357FF4DC0FF9DB39005F2F0F /* RoundedRect.m */ = {isa = PBXFileReference; fileEncoding = 4; lastKnownFileType = sourcecode.c.objc; path = RoundedRect.m; sourceTree = "<group>"; };
		35E5968C0FE8359B00B0BC56 /* SameHUD.m */ = {isa = PBXFileReference; fileEncoding = 4; lastKnownFileType = sourcecode.c.objc; path = SameHUD.m; sourceTree = "<group>"; };
		35E5968D0FE8359B00B0BC56 /* SameHUD.h */ = {isa = PBXFileReference; fileEncoding = 4; lastKnownFileType = sourcecode.c.h; path = SameHUD.h; sourceTree = "<group>"; };
		35F0363A0FB3E7DB005DF6FB /* SameTile.h */ = {isa = PBXFileReference; fileEncoding = 4; lastKnownFileType = sourcecode.c.h; path = SameTile.h; sourceTree = "<group>"; };
		35F0363B0FB3E7DB005DF6FB /* SameTile.m */ = {isa = PBXFileReference; fileEncoding = 4; lastKnownFileType = sourcecode.c.objc; path = SameTile.m; sourceTree = "<group>"; };
		35F0363C0FB3E7DB005DF6FB /* SameTileImages.h */ = {isa = PBXFileReference; fileEncoding = 4; lastKnownFileType = sourcecode.c.h; path = SameTileImages.h; sourceTree = "<group>"; };
		35F0363D0FB3E7DB005DF6FB /* SameTileImages.m */ = {isa = PBXFileReference; fileEncoding = 4; lastKnownFileType = sourcecode.c.objc; path = SameTileImages.m; sourceTree = "<group>"; };
		35F0363E0FB3E7DB005DF6FB /* SameView.h */ = {isa = PBXFileReference; fileEncoding = 4; lastKnownFileType = sourcecode.c.h; path = SameView.h; sourceTree = "<group>"; };
		35F0363F0FB3E7DB005DF6FB /* SameView.m */ = {isa = PBXFileReference; fileEncoding = 4; lastKnownFileType = sourcecode.c.objc; path = SameView.m; sourceTree = "<group>"; };
		35F036450FB3E839005DF6FB /* QuartzCore.framework */ = {isa = PBXFileReference; lastKnownFileType = wrapper.framework; name = QuartzCore.framework; path = /System/Library/Frameworks/QuartzCore.framework; sourceTree = "<absolute>"; };
		35F0364B0FB3E852005DF6FB /* yellow.png */ = {isa = PBXFileReference; lastKnownFileType = image.png; path = yellow.png; sourceTree = "<group>"; };
		35F0364C0FB3E852005DF6FB /* green.png */ = {isa = PBXFileReference; lastKnownFileType = image.png; path = green.png; sourceTree = "<group>"; };
		35F0364D0FB3E852005DF6FB /* red.png */ = {isa = PBXFileReference; lastKnownFileType = image.png; path = red.png; sourceTree = "<group>"; };
		35F0364E0FB3E852005DF6FB /* blue.png */ = {isa = PBXFileReference; lastKnownFileType = image.png; path = blue.png; sourceTree = "<group>"; };
		35F036560FB3EBDB005DF6FB /* same.png */ = {isa = PBXFileReference; lastKnownFileType = image.png; path = same.png; sourceTree = "<group>"; };
		8D1107310486CEB800E47090 /* Same-Info.plist */ = {isa = PBXFileReference; fileEncoding = 4; lastKnownFileType = text.plist.xml; path = "Same-Info.plist"; plistStructureDefinitionIdentifier = "com.apple.xcode.plist.structure-definition.iphone.info-plist"; sourceTree = "<group>"; };
/* End PBXFileReference section */

/* Begin PBXFrameworksBuildPhase section */
		1D60588F0D05DD3D006BFB54 /* Frameworks */ = {
			isa = PBXFrameworksBuildPhase;
			buildActionMask = 2147483647;
			files = (
				1D60589F0D05DD5A006BFB54 /* Foundation.framework in Frameworks */,
				1DF5F4E00D08C38300B7A737 /* UIKit.framework in Frameworks */,
				288765A50DF7441C002DB57D /* CoreGraphics.framework in Frameworks */,
				35F036460FB3E839005DF6FB /* QuartzCore.framework in Frameworks */,
			);
			runOnlyForDeploymentPostprocessing = 0;
		};
/* End PBXFrameworksBuildPhase section */

/* Begin PBXGroup section */
		080E96DDFE201D6D7F000001 /* Classes */ = {
			isa = PBXGroup;
			children = (
				357A91DC0FF9DFD800DDA0A0 /* SameMenuButton.h */,
				357A91DD0FF9DFD800DDA0A0 /* SameMenuButton.m */,
				357FF4970FF9D8B6005F2F0F /* SameMenu.h */,
				357FF4980FF9D8B6005F2F0F /* SameMenu.m */,
				35F0363A0FB3E7DB005DF6FB /* SameTile.h */,
				35F0363B0FB3E7DB005DF6FB /* SameTile.m */,
				35F0363C0FB3E7DB005DF6FB /* SameTileImages.h */,
				35F0363D0FB3E7DB005DF6FB /* SameTileImages.m */,
				35E5968D0FE8359B00B0BC56 /* SameHUD.h */,
				35E5968C0FE8359B00B0BC56 /* SameHUD.m */,
				35F0363E0FB3E7DB005DF6FB /* SameView.h */,
				35F0363F0FB3E7DB005DF6FB /* SameView.m */,
				1D3623240D0F684500981E51 /* SameAppDelegate.h */,
				1D3623250D0F684500981E51 /* SameAppDelegate.m */,
				357FF4DB0FF9DB24005F2F0F /* RoundedRect.h */,
				357FF4DC0FF9DB39005F2F0F /* RoundedRect.m */,
			);
			path = Classes;
			sourceTree = "<group>";
		};
		19C28FACFE9D520D11CA2CBB /* Products */ = {
			isa = PBXGroup;
			children = (
				1D6058910D05DD3D006BFB54 /* Same.app */,
			);
			name = Products;
			sourceTree = "<group>";
		};
		29B97314FDCFA39411CA2CEA /* CustomTemplate */ = {
			isa = PBXGroup;
			children = (
				080E96DDFE201D6D7F000001 /* Classes */,
				29B97315FDCFA39411CA2CEA /* Other Sources */,
				29B97317FDCFA39411CA2CEA /* Resources */,
				29B97323FDCFA39411CA2CEA /* Frameworks */,
				19C28FACFE9D520D11CA2CBB /* Products */,
			);
			name = CustomTemplate;
			sourceTree = "<group>";
		};
		29B97315FDCFA39411CA2CEA /* Other Sources */ = {
			isa = PBXGroup;
			children = (
				32CA4F630368D1EE00C91783 /* Same_Prefix.pch */,
				29B97316FDCFA39411CA2CEA /* main.m */,
			);
			name = "Other Sources";
			sourceTree = "<group>";
		};
		29B97317FDCFA39411CA2CEA /* Resources */ = {
			isa = PBXGroup;
			children = (
				357A92310FF9E56900DDA0A0 /* custombuttonnormal.png */,
				357A92320FF9E56900DDA0A0 /* custombuttonpressed.png */,
				35F036560FB3EBDB005DF6FB /* same.png */,
				35F0364B0FB3E852005DF6FB /* yellow.png */,
				35F0364C0FB3E852005DF6FB /* green.png */,
				35F0364D0FB3E852005DF6FB /* red.png */,
				35F0364E0FB3E852005DF6FB /* blue.png */,
				8D1107310486CEB800E47090 /* Same-Info.plist */,
			);
			name = Resources;
			sourceTree = "<group>";
		};
		29B97323FDCFA39411CA2CEA /* Frameworks */ = {
			isa = PBXGroup;
			children = (
				35F036450FB3E839005DF6FB /* QuartzCore.framework */,
				1DF5F4DF0D08C38300B7A737 /* UIKit.framework */,
				1D30AB110D05D00D00671497 /* Foundation.framework */,
				288765A40DF7441C002DB57D /* CoreGraphics.framework */,
			);
			name = Frameworks;
			sourceTree = "<group>";
		};
/* End PBXGroup section */

/* Begin PBXNativeTarget section */
		1D6058900D05DD3D006BFB54 /* Same */ = {
			isa = PBXNativeTarget;
			buildConfigurationList = 1D6058960D05DD3E006BFB54 /* Build configuration list for PBXNativeTarget "Same" */;
			buildPhases = (
				1D60588D0D05DD3D006BFB54 /* Resources */,
				1D60588E0D05DD3D006BFB54 /* Sources */,
				1D60588F0D05DD3D006BFB54 /* Frameworks */,
			);
			buildRules = (
			);
			dependencies = (
			);
			name = Same;
			productName = Same;
			productReference = 1D6058910D05DD3D006BFB54 /* Same.app */;
			productType = "com.apple.product-type.application";
		};
/* End PBXNativeTarget section */

/* Begin PBXProject section */
		29B97313FDCFA39411CA2CEA /* Project object */ = {
			isa = PBXProject;
			buildConfigurationList = C01FCF4E08A954540054247B /* Build configuration list for PBXProject "Same" */;
			compatibilityVersion = "Xcode 3.1";
			hasScannedForEncodings = 1;
			mainGroup = 29B97314FDCFA39411CA2CEA /* CustomTemplate */;
			projectDirPath = "";
			projectRoot = "";
			targets = (
				1D6058900D05DD3D006BFB54 /* Same */,
			);
		};
/* End PBXProject section */

/* Begin PBXResourcesBuildPhase section */
		1D60588D0D05DD3D006BFB54 /* Resources */ = {
			isa = PBXResourcesBuildPhase;
			buildActionMask = 2147483647;
			files = (
				35F0364F0FB3E852005DF6FB /* yellow.png in Resources */,
				35F036500FB3E852005DF6FB /* green.png in Resources */,
				35F036510FB3E852005DF6FB /* red.png in Resources */,
				35F036520FB3E852005DF6FB /* blue.png in Resources */,
				35F036570FB3EBDB005DF6FB /* same.png in Resources */,
				357A92330FF9E56900DDA0A0 /* custombuttonnormal.png in Resources */,
				357A92340FF9E56900DDA0A0 /* custombuttonpressed.png in Resources */,
			);
			runOnlyForDeploymentPostprocessing = 0;
		};
/* End PBXResourcesBuildPhase section */

/* Begin PBXSourcesBuildPhase section */
		1D60588E0D05DD3D006BFB54 /* Sources */ = {
			isa = PBXSourcesBuildPhase;
			buildActionMask = 2147483647;
			files = (
				1D60589B0D05DD56006BFB54 /* main.m in Sources */,
				1D3623260D0F684500981E51 /* SameAppDelegate.m in Sources */,
				35F036400FB3E7DB005DF6FB /* SameTile.m in Sources */,
				35F036410FB3E7DB005DF6FB /* SameTileImages.m in Sources */,
				35F036420FB3E7DB005DF6FB /* SameView.m in Sources */,
				35E5968E0FE8359B00B0BC56 /* SameHUD.m in Sources */,
				357FF4990FF9D8B6005F2F0F /* SameMenu.m in Sources */,
				357FF4DD0FF9DB39005F2F0F /* RoundedRect.m in Sources */,
				357A91DE0FF9DFD800DDA0A0 /* SameMenuButton.m in Sources */,
			);
			runOnlyForDeploymentPostprocessing = 0;
		};
/* End PBXSourcesBuildPhase section */

/* Begin XCBuildConfiguration section */
		1D6058940D05DD3E006BFB54 /* Debug */ = {
			isa = XCBuildConfiguration;
			buildSettings = {
				ALWAYS_SEARCH_USER_PATHS = NO;
				COPY_PHASE_STRIP = NO;
				GCC_DYNAMIC_NO_PIC = NO;
				GCC_OPTIMIZATION_LEVEL = 0;
				GCC_PRECOMPILE_PREFIX_HEADER = YES;
				GCC_PREFIX_HEADER = Same_Prefix.pch;
				INFOPLIST_FILE = "Same-Info.plist";
				PRODUCT_NAME = Same;
			};
			name = Debug;
		};
		1D6058950D05DD3E006BFB54 /* Release */ = {
			isa = XCBuildConfiguration;
			buildSettings = {
				ALWAYS_SEARCH_USER_PATHS = NO;
				COPY_PHASE_STRIP = YES;
				GCC_PRECOMPILE_PREFIX_HEADER = YES;
				GCC_PREFIX_HEADER = Same_Prefix.pch;
				INFOPLIST_FILE = "Same-Info.plist";
				PRODUCT_NAME = Same;
			};
			name = Release;
		};
		C01FCF4F08A954540054247B /* Debug */ = {
			isa = XCBuildConfiguration;
			buildSettings = {
				ARCHS = "$(ARCHS_STANDARD_32_BIT)";
				CODE_SIGN_IDENTITY = "iPhone Developer: Timothy Horton";
				"CODE_SIGN_IDENTITY[sdk=iphoneos*]" = "iPhone Developer: Timothy Horton";
				GCC_C_LANGUAGE_STANDARD = c99;
				GCC_WARN_ABOUT_RETURN_TYPE = YES;
				GCC_WARN_UNUSED_VARIABLE = YES;
				ONLY_ACTIVE_ARCH = YES;
				PREBINDING = NO;
				PROVISIONING_PROFILE = "E43F8DDB-D0FB-414D-98AF-783089DC2494";
				"PROVISIONING_PROFILE[sdk=iphoneos*]" = "E43F8DDB-D0FB-414D-98AF-783089DC2494";
				SDKROOT = iphoneos3.0;
			};
			name = Debug;
		};
		C01FCF5008A954540054247B /* Release */ = {
			isa = XCBuildConfiguration;
			buildSettings = {
				ARCHS = "$(ARCHS_STANDARD_32_BIT)";
				"CODE_SIGN_IDENTITY[sdk=iphoneos*]" = "iPhone Distribution: Timothy Horton";
				GCC_C_LANGUAGE_STANDARD = c99;
				GCC_WARN_ABOUT_RETURN_TYPE = YES;
				GCC_WARN_UNUSED_VARIABLE = YES;
				PREBINDING = NO;
				"PROVISIONING_PROFILE[sdk=iphoneos*]" = "D1159682-BF40-4299-A091-620DAE99F434";
				SDKROOT = iphoneos3.0;
			};
			name = Release;
		};
/* End XCBuildConfiguration section */

/* Begin XCConfigurationList section */
		1D6058960D05DD3E006BFB54 /* Build configuration list for PBXNativeTarget "Same" */ = {
			isa = XCConfigurationList;
			buildConfigurations = (
				1D6058940D05DD3E006BFB54 /* Debug */,
				1D6058950D05DD3E006BFB54 /* Release */,
			);
			defaultConfigurationIsVisible = 0;
			defaultConfigurationName = Release;
		};
		C01FCF4E08A954540054247B /* Build configuration list for PBXProject "Same" */ = {
			isa = XCConfigurationList;
			buildConfigurations = (
				C01FCF4F08A954540054247B /* Debug */,
				C01FCF5008A954540054247B /* Release */,
			);
			defaultConfigurationIsVisible = 0;
			defaultConfigurationName = Release;
		};
/* End XCConfigurationList section */
	};
	rootObject = 29B97313FDCFA39411CA2CEA /* Project object */;
}
